<?xml version="1.0" encoding="utf-8"?>
<Project ToolsVersion="4.0" xmlns="http://schemas.microsoft.com/developer/msbuild/2003">
  <ItemGroup>
    <Filter Include="include">
      <UniqueIdentifier>{031fb1ca-436f-4e90-b5a1-db71007fcc8a}</UniqueIdentifier>
    </Filter>
    <Filter Include="src">
      <UniqueIdentifier>{173e7c48-3d9c-4b6b-8aa8-30714daee199}</UniqueIdentifier>
    </Filter>
    <Filter Include="shaders">
      <UniqueIdentifier>{a31ee0cf-cdeb-4170-99b0-956300db43c7}</UniqueIdentifier>
    </Filter>
  </ItemGroup>
  <ItemGroup>
    <ClInclude Include="..\include\InputClass.h">
      <Filter>include</Filter>
    </ClInclude>
    <ClInclude Include="..\include\GraphicsClass.h">
      <Filter>include</Filter>
    </ClInclude>
    <ClInclude Include="..\include\SystemClass.h">
      <Filter>include</Filter>
    </ClInclude>
    <ClInclude Include="..\include\stdafx.h">
      <Filter>include</Filter>
    </ClInclude>
    <ClInclude Include="..\include\D3DClass.h">
      <Filter>include</Filter>
    </ClInclude>
    <ClInclude Include="..\include\ColorShaderClass.h">
      <Filter>include</Filter>
    </ClInclude>
    <ClInclude Include="..\include\D3DHelper.h">
      <Filter>include</Filter>
    </ClInclude>
    <ClInclude Include="..\include\ModelClass.h">
      <Filter>include</Filter>
    </ClInclude>
    <ClInclude Include="..\include\CameraClass.h">
      <Filter>include</Filter>
    </ClInclude>
    <ClInclude Include="..\include\TextureShaderClass.h">
      <Filter>include</Filter>
    </ClInclude>
    <ClInclude Include="..\include\TextureClass.h">
      <Filter>include</Filter>
    </ClInclude>
  </ItemGroup>
  <ItemGroup>
    <ClCompile Include="..\src\InputClass.cpp">
      <Filter>src</Filter>
    </ClCompile>
    <ClCompile Include="..\src\GraphicsClass.cpp">
      <Filter>src</Filter>
    </ClCompile>
    <ClCompile Include="..\src\SystemClass.cpp">
      <Filter>src</Filter>
    </ClCompile>
    <ClCompile Include="..\src\main.cpp">
      <Filter>src</Filter>
    </ClCompile>
    <ClCompile Include="..\src\stdafx.cpp">
      <Filter>src</Filter>
    </ClCompile>
    <ClCompile Include="..\src\D3DClass.cpp">
      <Filter>src</Filter>
    </ClCompile>
    <ClCompile Include="..\src\ColorShaderClass.cpp">
      <Filter>src</Filter>
    </ClCompile>
    <ClCompile Include="..\src\ModelClass.cpp">
      <Filter>src</Filter>
    </ClCompile>
    <ClCompile Include="..\src\CameraClass.cpp">
      <Filter>src</Filter>
    </ClCompile>
    <ClCompile Include="..\src\TextureShaderClass.cpp">
      <Filter>src</Filter>
    </ClCompile>
    <ClCompile Include="..\src\TextureClass.cpp">
      <Filter>src</Filter>
    </ClCompile>
  </ItemGroup>
  <ItemGroup>
    <None Include="ClassDiagram.cd" />
    <None Include="..\shaders\colorPS.hlsl">
      <Filter>shaders</Filter>
    </None>
    <None Include="..\shaders\colorVS.hlsl">
      <Filter>shaders</Filter>
    </None>
    <None Include="..\shaders\TexturePS.hlsl">
      <Filter>shaders</Filter>
    </None>
    <None Include="..\shaders\TextureVS.hlsl">
      <Filter>shaders</Filter>
    </None>
  </ItemGroup>  
</Project>